
Microsoft Visual Studio Solution File, Format Version 12.00
# Visual Studio 15
VisualStudioVersion = 15.0.28010.2026
MinimumVisualStudioVersion = 10.0.40219.1
Project("{FAE04EC0-301F-11D3-BF4B-00C04F79EFBC}") = "FileUploadAPI", "FileUploadAPI\FileUploadAPI.csproj", "{061FFE92-C0EB-4EDF-AE20-194966FFE8E9}"
EndProject
Project("{FAE04EC0-301F-11D3-BF4B-00C04F79EFBC}") = "FileUpload.BLL", "FileUpload.BLL\FileUpload.BLL.csproj", "{FC74610A-6553-4364-A31E-FAC586438BD7}"
EndProject
Project("{FAE04EC0-301F-11D3-BF4B-00C04F79EFBC}") = "FileUpload.Entity", "FileUpload.Entity\FileUpload.Entity.csproj", "{90899473-2C44-42EC-B3E3-1CBAF170BD4B}"
EndProject
Global
	GlobalSection(SolutionConfigurationPlatforms) = preSolution
		Debug|Any CPU = Debug|Any CPU
		Release|Any CPU = Release|Any CPU
	EndGlobalSection
	GlobalSection(ProjectConfigurationPlatforms) = postSolution
		{061FFE92-C0EB-4EDF-AE20-194966FFE8E9}.Debug|Any CPU.ActiveCfg = Debug|Any CPU
		{061FFE92-C0EB-4EDF-AE20-194966FFE8E9}.Debug|Any CPU.Build.0 = Debug|Any CPU
		{061FFE92-C0EB-4EDF-AE20-194966FFE8E9}.Release|Any CPU.ActiveCfg = Release|Any CPU
		{061FFE92-C0EB-4EDF-AE20-194966FFE8E9}.Release|Any CPU.Build.0 = Release|Any CPU
		{FC74610A-6553-4364-A31E-FAC586438BD7}.Debug|Any CPU.ActiveCfg = Debug|Any CPU
		{FC74610A-6553-4364-A31E-FAC586438BD7}.Debug|Any CPU.Build.0 = Debug|Any CPU
		{FC74610A-6553-4364-A31E-FAC586438BD7}.Release|Any CPU.ActiveCfg = Release|Any CPU
		{FC74610A-6553-4364-A31E-FAC586438BD7}.Release|Any CPU.Build.0 = Release|Any CPU
		{90899473-2C44-42EC-B3E3-1CBAF170BD4B}.Debug|Any CPU.ActiveCfg = Debug|Any CPU
		{90899473-2C44-42EC-B3E3-1CBAF170BD4B}.Debug|Any CPU.Build.0 = Debug|Any CPU
		{90899473-2C44-42EC-B3E3-1CBAF170BD4B}.Release|Any CPU.ActiveCfg = Release|Any CPU
		{90899473-2C44-42EC-B3E3-1CBAF170BD4B}.Release|Any CPU.Build.0 = Release|Any CPU
	EndGlobalSection
	GlobalSection(SolutionProperties) = preSolution
		HideSolutionNode = FALSE
	EndGlobalSection
	GlobalSection(ExtensibilityGlobals) = postSolution
		SolutionGuid = {7FDEB172-C964-4B9E-BD66-7BD4D03C53E0}
	EndGlobalSection
EndGlobal
